
Microsoft Visual Studio Solution File, Format Version 12.00
# Visual Studio 15
VisualStudioVersion = 15.0.28307.705
MinimumVisualStudioVersion = 10.0.40219.1
Project("{9A19103F-16F7-4668-BE54-9A1E7A4F7556}") = "Redis.ConsoleApp.Connection", "Redis.ConsoleApp.Connection\Redis.ConsoleApp.Connection.csproj", "{9683B1DD-548B-4BC7-983A-68D3DE963628}"
EndProject
Project("{9A19103F-16F7-4668-BE54-9A1E7A4F7556}") = "Redis.ConsoleApp.String", "Redis.ConsoleApp.String\Redis.ConsoleApp.String.csproj", "{7B81D144-E94C-4399-8703-CEA91074264B}"
EndProject
Project("{9A19103F-16F7-4668-BE54-9A1E7A4F7556}") = "Redis.ConsoleApp.Hash", "Redis.ConsoleApp.Hash\Redis.ConsoleApp.Hash.csproj", "{42273DA3-355B-4619-BC53-713CB00BB469}"
EndProject
Project("{9A19103F-16F7-4668-BE54-9A1E7A4F7556}") = "Redis.Library", "Redis.Library\Redis.Library.csproj", "{3180A91F-F508-475C-A285-97D5D69ED92B}"
EndProject
Project("{9A19103F-16F7-4668-BE54-9A1E7A4F7556}") = "Redis.ConsoleApp.Set", "Redis.ConsoleApp.Set\Redis.ConsoleApp.Set.csproj", "{75F4C882-C205-4198-90D3-BBEE05BB7000}"
EndProject
Project("{FAE04EC0-301F-11D3-BF4B-00C04F79EFBC}") = "Redis.ConsoleApp.SortedSet", "Redis.ConsoleApp.SortedSet\Redis.ConsoleApp.SortedSet.csproj", "{A2D9F0C6-F922-4227-A9F6-B3B8ED9FEAC3}"
EndProject
Global
	GlobalSection(SolutionConfigurationPlatforms) = preSolution
		Debug|Any CPU = Debug|Any CPU
		Release|Any CPU = Release|Any CPU
	EndGlobalSection
	GlobalSection(ProjectConfigurationPlatforms) = postSolution
		{9683B1DD-548B-4BC7-983A-68D3DE963628}.Debug|Any CPU.ActiveCfg = Debug|Any CPU
		{9683B1DD-548B-4BC7-983A-68D3DE963628}.Debug|Any CPU.Build.0 = Debug|Any CPU
		{9683B1DD-548B-4BC7-983A-68D3DE963628}.Release|Any CPU.ActiveCfg = Release|Any CPU
		{9683B1DD-548B-4BC7-983A-68D3DE963628}.Release|Any CPU.Build.0 = Release|Any CPU
		{7B81D144-E94C-4399-8703-CEA91074264B}.Debug|Any CPU.ActiveCfg = Debug|Any CPU
		{7B81D144-E94C-4399-8703-CEA91074264B}.Debug|Any CPU.Build.0 = Debug|Any CPU
		{7B81D144-E94C-4399-8703-CEA91074264B}.Release|Any CPU.ActiveCfg = Release|Any CPU
		{7B81D144-E94C-4399-8703-CEA91074264B}.Release|Any CPU.Build.0 = Release|Any CPU
		{42273DA3-355B-4619-BC53-713CB00BB469}.Debug|Any CPU.ActiveCfg = Debug|Any CPU
		{42273DA3-355B-4619-BC53-713CB00BB469}.Debug|Any CPU.Build.0 = Debug|Any CPU
		{42273DA3-355B-4619-BC53-713CB00BB469}.Release|Any CPU.ActiveCfg = Release|Any CPU
		{42273DA3-355B-4619-BC53-713CB00BB469}.Release|Any CPU.Build.0 = Release|Any CPU
		{3180A91F-F508-475C-A285-97D5D69ED92B}.Debug|Any CPU.ActiveCfg = Debug|Any CPU
		{3180A91F-F508-475C-A285-97D5D69ED92B}.Debug|Any CPU.Build.0 = Debug|Any CPU
		{3180A91F-F508-475C-A285-97D5D69ED92B}.Release|Any CPU.ActiveCfg = Release|Any CPU
		{3180A91F-F508-475C-A285-97D5D69ED92B}.Release|Any CPU.Build.0 = Release|Any CPU
		{75F4C882-C205-4198-90D3-BBEE05BB7000}.Debug|Any CPU.ActiveCfg = Debug|Any CPU
		{75F4C882-C205-4198-90D3-BBEE05BB7000}.Debug|Any CPU.Build.0 = Debug|Any CPU
		{75F4C882-C205-4198-90D3-BBEE05BB7000}.Release|Any CPU.ActiveCfg = Release|Any CPU
		{75F4C882-C205-4198-90D3-BBEE05BB7000}.Release|Any CPU.Build.0 = Release|Any CPU
		{A2D9F0C6-F922-4227-A9F6-B3B8ED9FEAC3}.Debug|Any CPU.ActiveCfg = Debug|Any CPU
		{A2D9F0C6-F922-4227-A9F6-B3B8ED9FEAC3}.Debug|Any CPU.Build.0 = Debug|Any CPU
		{A2D9F0C6-F922-4227-A9F6-B3B8ED9FEAC3}.Release|Any CPU.ActiveCfg = Release|Any CPU
		{A2D9F0C6-F922-4227-A9F6-B3B8ED9FEAC3}.Release|Any CPU.Build.0 = Release|Any CPU
	EndGlobalSection
	GlobalSection(SolutionProperties) = preSolution
		HideSolutionNode = FALSE
	EndGlobalSection
	GlobalSection(ExtensibilityGlobals) = postSolution
		SolutionGuid = {F91F8F8F-B0C9-4857-A768-22C952275960}
	EndGlobalSection
EndGlobal
